
Microsoft Visual Studio Solution File, Format Version 12.00
# Visual Studio 15
Project("{FAE04EC0-301F-11D3-BF4B-00C04F79EFBC}") = "Assembly-CSharp", "Assembly-CSharp.csproj", "{F14DF161-E24F-1EEA-4A67-99A24065E9E2}"
EndProject
Project("{FAE04EC0-301F-11D3-BF4B-00C04F79EFBC}") = "Assembly-CSharp-firstpass", "Assembly-CSharp-firstpass.csproj", "{127F23BB-9201-3817-11D4-C77AFBA5475D}"
EndProject
Project("{FAE04EC0-301F-11D3-BF4B-00C04F79EFBC}") = "Assembly-CSharp-Editor-firstpass", "Assembly-CSharp-Editor-firstpass.csproj", "{9CB6B460-DCFB-7C5D-AB2B-F039AA0CA1C2}"
EndProject
Global
	GlobalSection(SolutionConfigurationPlatforms) = preSolution
		Debug|Any CPU = Debug|Any CPU
		Release|Any CPU = Release|Any CPU
	EndGlobalSection
	GlobalSection(ProjectConfigurationPlatforms) = postSolution
		{F14DF161-E24F-1EEA-4A67-99A24065E9E2}.Debug|Any CPU.ActiveCfg = Debug|Any CPU
		{F14DF161-E24F-1EEA-4A67-99A24065E9E2}.Debug|Any CPU.Build.0 = Debug|Any CPU
		{F14DF161-E24F-1EEA-4A67-99A24065E9E2}.Release|Any CPU.ActiveCfg = Release|Any CPU
		{F14DF161-E24F-1EEA-4A67-99A24065E9E2}.Release|Any CPU.Build.0 = Release|Any CPU
		{127F23BB-9201-3817-11D4-C77AFBA5475D}.Debug|Any CPU.ActiveCfg = Debug|Any CPU
		{127F23BB-9201-3817-11D4-C77AFBA5475D}.Debug|Any CPU.Build.0 = Debug|Any CPU
		{127F23BB-9201-3817-11D4-C77AFBA5475D}.Release|Any CPU.ActiveCfg = Release|Any CPU
		{127F23BB-9201-3817-11D4-C77AFBA5475D}.Release|Any CPU.Build.0 = Release|Any CPU
		{9CB6B460-DCFB-7C5D-AB2B-F039AA0CA1C2}.Debug|Any CPU.ActiveCfg = Debug|Any CPU
		{9CB6B460-DCFB-7C5D-AB2B-F039AA0CA1C2}.Debug|Any CPU.Build.0 = Debug|Any CPU
		{9CB6B460-DCFB-7C5D-AB2B-F039AA0CA1C2}.Release|Any CPU.ActiveCfg = Release|Any CPU
		{9CB6B460-DCFB-7C5D-AB2B-F039AA0CA1C2}.Release|Any CPU.Build.0 = Release|Any CPU
	EndGlobalSection
	GlobalSection(SolutionProperties) = preSolution
		HideSolutionNode = FALSE
	EndGlobalSection
EndGlobal
